{
  "name": "@keb/bridge",
  "version": "1.0.0",
  "lockfileVersion": 3,
  "requires": true,
  "packages": {
    "": {
      "name": "@keb/bridge",
      "version": "1.0.0",
      "dependencies": {
        "@kreuzberg/html-to-markdown-node": "^3.4.0",
        "nanoid": "^5.1.11",
        "ws": "^8.21.0"
      },
      "devDependencies": {
        "@types/node": "^22.0.0",
        "@types/ws": "^8.0.0",
        "typescript": "~5.8.3"
      }
    },
    "../../node_modules/.pnpm/@types+node@22.19.19/node_modules/@types/node": {
      "version": "22.19.19",
      "dev": true,
      "license": "MIT",
      "dependencies": {
        "undici-types": "~6.21.0"
      }
    },
    "../../node_modules/.pnpm/@types+ws@8.18.1/node_modules/@types/ws": {
      "version": "8.18.1",
      "dev": true,
      "license": "MIT",
      "dependencies": {
        "@types/node": "*"
      }
    },
    "../../node_modules/.pnpm/typescript@5.8.3/node_modules/typescript": {
      "version": "5.8.3",
      "dev": true,
      "license": "Apache-2.0",
      "bin": {
        "tsc": "bin/tsc",
        "tsserver": "bin/tsserver"
      },
      "devDependencies": {
        "@dprint/formatter": "^0.4.1",
        "@dprint/typescript": "0.93.3",
        "@esfx/canceltoken": "^1.0.0",
        "@eslint/js": "^9.17.0",
        "@octokit/rest": "^21.0.2",
        "@types/chai": "^4.3.20",
        "@types/diff": "^5.2.3",
        "@types/minimist": "^1.2.5",
        "@types/mocha": "^10.0.10",
        "@types/ms": "^0.7.34",
        "@types/node": "latest",
        "@types/source-map-support": "^0.5.10",
        "@types/which": "^3.0.4",
        "@typescript-eslint/rule-tester": "^8.18.1",
        "@typescript-eslint/type-utils": "^8.18.1",
        "@typescript-eslint/utils": "^8.18.1",
        "azure-devops-node-api": "^14.1.0",
        "c8": "^10.1.3",
        "chai": "^4.5.0",
        "chalk": "^4.1.2",
        "chokidar": "^3.6.0",
        "diff": "^5.2.0",
        "dprint": "^0.47.6",
        "esbuild": "^0.24.0",
        "eslint": "^9.17.0",
        "eslint-formatter-autolinkable-stylish": "^1.4.0",
        "eslint-plugin-regexp": "^2.7.0",
        "fast-xml-parser": "^4.5.1",
        "glob": "^10.4.5",
        "globals": "^15.13.0",
        "hereby": "^1.10.0",
        "jsonc-parser": "^3.3.1",
        "knip": "^5.41.0",
        "minimist": "^1.2.8",
        "mocha": "^10.8.2",
        "mocha-fivemat-progress-reporter": "^0.1.0",
        "monocart-coverage-reports": "^2.11.4",
        "ms": "^2.1.3",
        "playwright": "^1.49.1",
        "source-map-support": "^0.5.21",
        "tslib": "^2.8.1",
        "typescript": "^5.7.2",
        "typescript-eslint": "^8.18.1",
        "which": "^3.0.1"
      },
      "engines": {
        "node": ">=14.17"
      }
    },
    "../../node_modules/.pnpm/ws@8.21.0/node_modules/ws": {
      "version": "8.21.0",
      "license": "MIT",
      "devDependencies": {
        "@eslint/js": "^10.0.1",
        "benchmark": "^2.1.4",
        "bufferutil": "^4.0.1",
        "eslint": "^10.0.1",
        "eslint-config-prettier": "^10.0.1",
        "eslint-plugin-prettier": "^5.0.0",
        "globals": "^17.0.0",
        "mocha": "^8.4.0",
        "nyc": "^15.0.0",
        "prettier": "^3.0.0",
        "utf-8-validate": "^6.0.0"
      },
      "engines": {
        "node": ">=10.0.0"
      },
      "peerDependencies": {
        "bufferutil": "^4.0.1",
        "utf-8-validate": ">=5.0.2"
      },
      "peerDependenciesMeta": {
        "bufferutil": {
          "optional": true
        },
        "utf-8-validate": {
          "optional": true
        }
      }
    },
    "node_modules/@kreuzberg/html-to-markdown-node": {
      "version": "3.5.5",
      "resolved": "https://registry.npmjs.org/@kreuzberg/html-to-markdown-node/-/html-to-markdown-node-3.5.5.tgz",
      "integrity": "sha512-1cUonVSbvhHPLbmSRWbXDRUDacSOif+WXmuB9HRcWW4TsqCqqJyPC14vlQngdMOtN36HqQVGzVBQ95EryqB5gw==",
      "license": "MIT",
      "engines": {
        "node": ">= 18"
      },
      "optionalDependencies": {
        "@kreuzberg/html-to-markdown-node-darwin-arm64": "3.5.5",
        "@kreuzberg/html-to-markdown-node-darwin-x64": "3.5.5",
        "@kreuzberg/html-to-markdown-node-linux-arm64-gnu": "3.5.5",
        "@kreuzberg/html-to-markdown-node-linux-arm64-musl": "3.5.5",
        "@kreuzberg/html-to-markdown-node-linux-x64-gnu": "3.5.5",
        "@kreuzberg/html-to-markdown-node-linux-x64-musl": "3.5.5",
        "@kreuzberg/html-to-markdown-node-win32-arm64-msvc": "3.5.5",
        "@kreuzberg/html-to-markdown-node-win32-x64-msvc": "3.5.5"
      }
    },
    "node_modules/@kreuzberg/html-to-markdown-node-darwin-arm64": {
      "version": "3.5.5",
      "resolved": "https://registry.npmjs.org/@kreuzberg/html-to-markdown-node-darwin-arm64/-/html-to-markdown-node-darwin-arm64-3.5.5.tgz",
      "integrity": "sha512-d5TDs5m9wxcL/QdvbalzBBK2nr2gC5pbyf2F6I3OcOACRbsW+q7VXj8TcfgONXhmTTctgn6TRMHp6uMZ9XSkIA==",
      "cpu": [
        "arm64"
      ],
      "license": "MIT",
      "optional": true,
      "os": [
        "darwin"
      ],
      "engines": {
        "node": ">= 18"
      }
    },
    "node_modules/@kreuzberg/html-to-markdown-node-darwin-x64": {
      "version": "3.5.5",
      "resolved": "https://registry.npmjs.org/@kreuzberg/html-to-markdown-node-darwin-x64/-/html-to-markdown-node-darwin-x64-3.5.5.tgz",
      "integrity": "sha512-eC2/uuljXqr6wEd8gkAVLob96mkRERBxxhHfEfRN/aZXQgHeHsnBygfJxa/PFwcbZmZB457UqwlEfZMbc3W3Hw==",
      "cpu": [
        "x64"
      ],
      "license": "MIT",
      "optional": true,
      "os": [
        "darwin"
      ],
      "engines": {
        "node": ">= 18"
      }
    },
    "node_modules/@kreuzberg/html-to-markdown-node-linux-arm64-gnu": {
      "version": "3.5.5",
      "resolved": "https://registry.npmjs.org/@kreuzberg/html-to-markdown-node-linux-arm64-gnu/-/html-to-markdown-node-linux-arm64-gnu-3.5.5.tgz",
      "integrity": "sha512-vE7jp+SZ9yio33uTCzScJN+GE7Jwqmx8uqL9IqUX+jaZzpVgmNqZi+4RdRADdNCX+bYbt6w42KKZkNjm273oTg==",
      "cpu": [
        "arm64"
      ],
      "libc": [
        "glibc"
      ],
      "license": "MIT",
      "optional": true,
      "os": [
        "linux"
      ],
      "engines": {
        "node": ">= 18"
      }
    },
    "node_modules/@kreuzberg/html-to-markdown-node-linux-arm64-musl": {
      "version": "3.5.5",
      "resolved": "https://registry.npmjs.org/@kreuzberg/html-to-markdown-node-linux-arm64-musl/-/html-to-markdown-node-linux-arm64-musl-3.5.5.tgz",
      "integrity": "sha512-74h8nh8cn/AcQy/o7vruwNoO2RRhtt/WNLK3fY6S5Wx98Pe99kdEper3wm4FF+6d+XGQiC5H1948s0Hs4GqmPw==",
      "cpu": [
        "arm64"
      ],
      "libc": [
        "musl"
      ],
      "license": "MIT",
      "optional": true,
      "os": [
        "linux"
      ],
      "engines": {
        "node": ">= 18"
      }
    },
    "node_modules/@kreuzberg/html-to-markdown-node-linux-x64-gnu": {
      "version": "3.5.5",
      "resolved": "https://registry.npmjs.org/@kreuzberg/html-to-markdown-node-linux-x64-gnu/-/html-to-markdown-node-linux-x64-gnu-3.5.5.tgz",
      "integrity": "sha512-3XxnFUMjMTQmMEaYyZZTbkJjhTMqTcYEGDFg8y1An7xJG6ntDbrFj4sFjKwFWxHeQEwWvA6bFguNXnsq54YqIA==",
      "cpu": [
        "x64"
      ],
      "libc": [
        "glibc"
      ],
      "license": "MIT",
      "optional": true,
      "os": [
        "linux"
      ],
      "engines": {
        "node": ">= 18"
      }
    },
    "node_modules/@kreuzberg/html-to-markdown-node-linux-x64-musl": {
      "version": "3.5.5",
      "resolved": "https://registry.npmjs.org/@kreuzberg/html-to-markdown-node-linux-x64-musl/-/html-to-markdown-node-linux-x64-musl-3.5.5.tgz",
      "integrity": "sha512-StBgGvT0RpvLRmLkxmtWxkc+ExUOeP3Ajphte8lQgl02p2KieU3vdncCZBXl8F0t5f9iwVEAKqgLRp4bmDWv4w==",
      "cpu": [
        "x64"
      ],
      "libc": [
        "musl"
      ],
      "license": "MIT",
      "optional": true,
      "os": [
        "linux"
      ],
      "engines": {
        "node": ">= 18"
      }
    },
    "node_modules/@kreuzberg/html-to-markdown-node-win32-arm64-msvc": {
      "version": "3.5.5",
      "resolved": "https://registry.npmjs.org/@kreuzberg/html-to-markdown-node-win32-arm64-msvc/-/html-to-markdown-node-win32-arm64-msvc-3.5.5.tgz",
      "integrity": "sha512-+2xIOiiK0xW93xq82dGHd6Ol7pAwxHjsgv8E8XmYoQ83uFZUcgIPxUne77SyE3Rrlatemp5h1HzZRs/4nATT1g==",
      "cpu": [
        "arm64"
      ],
      "license": "MIT",
      "optional": true,
      "os": [
        "win32"
      ],
      "engines": {
        "node": ">= 18"
      }
    },
    "node_modules/@kreuzberg/html-to-markdown-node-win32-x64-msvc": {
      "version": "3.5.5",
      "resolved": "https://registry.npmjs.org/@kreuzberg/html-to-markdown-node-win32-x64-msvc/-/html-to-markdown-node-win32-x64-msvc-3.5.5.tgz",
      "integrity": "sha512-4aGnz7YfrPd//yhkDDDrBPr7Alp3iYfKvfCzHH8J+okgOXkMaBkTXrepqIZy8BQnQfVJVx2Vmgq6uTeVb6GfYw==",
      "cpu": [
        "x64"
      ],
      "license": "MIT",
      "optional": true,
      "os": [
        "win32"
      ],
      "engines": {
        "node": ">= 18"
      }
    },
    "node_modules/@types/node": {
      "resolved": "../../node_modules/.pnpm/@types+node@22.19.19/node_modules/@types/node",
      "link": true
    },
    "node_modules/@types/ws": {
      "resolved": "../../node_modules/.pnpm/@types+ws@8.18.1/node_modules/@types/ws",
      "link": true
    },
    "node_modules/nanoid": {
      "version": "5.1.11",
      "resolved": "https://registry.npmjs.org/nanoid/-/nanoid-5.1.11.tgz",
      "integrity": "sha512-v+KEsUv2ps74PaSKv0gHTxTCgMXOIfBEbaqa6w6ISIGC7ZsvHN4N9oJ8d4cmf0n5oTzQz2SLmThbQWhjd/8eKg==",
      "funding": [
        {
          "type": "github",
          "url": "https://github.com/sponsors/ai"
        }
      ],
      "license": "MIT",
      "bin": {
        "nanoid": "bin/nanoid.js"
      },
      "engines": {
        "node": "^18 || >=20"
      }
    },
    "node_modules/typescript": {
      "resolved": "../../node_modules/.pnpm/typescript@5.8.3/node_modules/typescript",
      "link": true
    },
    "node_modules/ws": {
      "resolved": "../../node_modules/.pnpm/ws@8.21.0/node_modules/ws",
      "link": true
    }
  }
}
